
Microsoft Visual Studio Solution File, Format Version 12.00
# Visual Studio Version 17
VisualStudioVersion = 17.5.33530.505
MinimumVisualStudioVersion = 10.0.40219.1
Project("{FAE04EC0-301F-11D3-BF4B-00C04F79EFBC}") = "SMAlist.Web", "SMAlist.Web\SMAlist.Web.csproj", "{A78813AD-BBA0-4568-969C-68476C7113CD}"
EndProject
Global
	GlobalSection(SolutionConfigurationPlatforms) = preSolution
		Debug|Any CPU = Debug|Any CPU
		Release|Any CPU = Release|Any CPU
	EndGlobalSection
	GlobalSection(ProjectConfigurationPlatforms) = postSolution
		{A78813AD-BBA0-4568-969C-68476C7113CD}.Debug|Any CPU.ActiveCfg = Debug|Any CPU
		{A78813AD-BBA0-4568-969C-68476C7113CD}.Debug|Any CPU.Build.0 = Debug|Any CPU
		{A78813AD-BBA0-4568-969C-68476C7113CD}.Release|Any CPU.ActiveCfg = Release|Any CPU
		{A78813AD-BBA0-4568-969C-68476C7113CD}.Release|Any CPU.Build.0 = Release|Any CPU
	EndGlobalSection
	GlobalSection(SolutionProperties) = preSolution
		HideSolutionNode = FALSE
	EndGlobalSection
	GlobalSection(ExtensibilityGlobals) = postSolution
		SolutionGuid = {1A9988D1-4760-4163-8E6E-6FA72090817B}
	EndGlobalSection
EndGlobal
